// !$*UTF8*$!
{
	archiveVersion = 1;
	classes = {
	};
	objectVersion = 52;
	objects = {

/* Begin PBXBuildFile section */
		A7070A2326076B850092FE8B /* Model.swift in Sources */ = {isa = PBXBuildFile; fileRef = A7070A2226076B850092FE8B /* Model.swift */; };
		A7070A2726078E200092FE8B /* FocusEntity in Frameworks */ = {isa = PBXBuildFile; productRef = A7070A2626078E200092FE8B /* FocusEntity */; };
		A7070A33260795880092FE8B /* ARViewContainerView.swift in Sources */ = {isa = PBXBuildFile; fileRef = A7070A32260795880092FE8B /* ARViewContainerView.swift */; };
		A7070A38260795FE0092FE8B /* ModelPickerView.swift in Sources */ = {isa = PBXBuildFile; fileRef = A7070A37260795FE0092FE8B /* ModelPickerView.swift */; };
		A7070A3B260796350092FE8B /* PlacementButtonsView.swift in Sources */ = {isa = PBXBuildFile; fileRef = A7070A3A260796350092FE8B /* PlacementButtonsView.swift */; };
		A7070A3E260796980092FE8B /* CustomARView.swift in Sources */ = {isa = PBXBuildFile; fileRef = A7070A3D260796980092FE8B /* CustomARView.swift */; };
		A77F44C326074825002B45E7 /* AppDelegate.swift in Sources */ = {isa = PBXBuildFile; fileRef = A77F44C226074825002B45E7 /* AppDelegate.swift */; };
		A77F44C526074825002B45E7 /* ContentView.swift in Sources */ = {isa = PBXBuildFile; fileRef = A77F44C426074825002B45E7 /* ContentView.swift */; };
		A77F44C926074825002B45E7 /* Assets.xcassets in Resources */ = {isa = PBXBuildFile; fileRef = A77F44C826074825002B45E7 /* Assets.xcassets */; };
		A77F44CC26074825002B45E7 /* Preview Assets.xcassets in Resources */ = {isa = PBXBuildFile; fileRef = A77F44CB26074825002B45E7 /* Preview Assets.xcassets */; };
		A77F44D926074B2C002B45E7 /* toy_robot_vintage.usdz in Resources */ = {isa = PBXBuildFile; fileRef = A77F44D626074B2C002B45E7 /* toy_robot_vintage.usdz */; };
		A77F44DA26074B2C002B45E7 /* toy_drummer.usdz in Resources */ = {isa = PBXBuildFile; fileRef = A77F44D726074B2C002B45E7 /* toy_drummer.usdz */; };
		A77F44DB26074B2C002B45E7 /* toy_biplane.usdz in Resources */ = {isa = PBXBuildFile; fileRef = A77F44D826074B2C002B45E7 /* toy_biplane.usdz */; };
/* End PBXBuildFile section */

/* Begin PBXFileReference section */
		A7070A2226076B850092FE8B /* Model.swift */ = {isa = PBXFileReference; lastKnownFileType = sourcecode.swift; path = Model.swift; sourceTree = "<group>"; };
		A7070A32260795880092FE8B /* ARViewContainerView.swift */ = {isa = PBXFileReference; lastKnownFileType = sourcecode.swift; path = ARViewContainerView.swift; sourceTree = "<group>"; };
		A7070A37260795FE0092FE8B /* ModelPickerView.swift */ = {isa = PBXFileReference; lastKnownFileType = sourcecode.swift; path = ModelPickerView.swift; sourceTree = "<group>"; };
		A7070A3A260796350092FE8B /* PlacementButtonsView.swift */ = {isa = PBXFileReference; lastKnownFileType = sourcecode.swift; path = PlacementButtonsView.swift; sourceTree = "<group>"; };
		A7070A3D260796980092FE8B /* CustomARView.swift */ = {isa = PBXFileReference; lastKnownFileType = sourcecode.swift; path = CustomARView.swift; sourceTree = "<group>"; };
		A77F44BF26074824002B45E7 /* AR Simple app.app */ = {isa = PBXFileReference; explicitFileType = wrapper.application; includeInIndex = 0; path = "AR Simple app.app"; sourceTree = BUILT_PRODUCTS_DIR; };
		A77F44C226074825002B45E7 /* AppDelegate.swift */ = {isa = PBXFileReference; lastKnownFileType = sourcecode.swift; path = AppDelegate.swift; sourceTree = "<group>"; };
		A77F44C426074825002B45E7 /* ContentView.swift */ = {isa = PBXFileReference; lastKnownFileType = sourcecode.swift; path = ContentView.swift; sourceTree = "<group>"; };
		A77F44C826074825002B45E7 /* Assets.xcassets */ = {isa = PBXFileReference; lastKnownFileType = folder.assetcatalog; path = Assets.xcassets; sourceTree = "<group>"; };
		A77F44CB26074825002B45E7 /* Preview Assets.xcassets */ = {isa = PBXFileReference; lastKnownFileType = folder.assetcatalog; path = "Preview Assets.xcassets"; sourceTree = "<group>"; };
		A77F44CD26074825002B45E7 /* Info.plist */ = {isa = PBXFileReference; lastKnownFileType = text.plist.xml; path = Info.plist; sourceTree = "<group>"; };
		A77F44D626074B2C002B45E7 /* toy_robot_vintage.usdz */ = {isa = PBXFileReference; lastKnownFileType = file.usdz; name = toy_robot_vintage.usdz; path = ../../../../../../Downloads/toy_robot_vintage.usdz; sourceTree = "<group>"; };
		A77F44D726074B2C002B45E7 /* toy_drummer.usdz */ = {isa = PBXFileReference; lastKnownFileType = file.usdz; name = toy_drummer.usdz; path = ../../../../../../Downloads/toy_drummer.usdz; sourceTree = "<group>"; };
		A77F44D826074B2C002B45E7 /* toy_biplane.usdz */ = {isa = PBXFileReference; lastKnownFileType = file.usdz; name = toy_biplane.usdz; path = ../../../../../../Downloads/toy_biplane.usdz; sourceTree = "<group>"; };
/* End PBXFileReference section */

/* Begin PBXFrameworksBuildPhase section */
		A77F44BC26074824002B45E7 /* Frameworks */ = {
			isa = PBXFrameworksBuildPhase;
			buildActionMask = 2147483647;
			files = (
				A7070A2726078E200092FE8B /* FocusEntity in Frameworks */,
			);
			runOnlyForDeploymentPostprocessing = 0;
		};
/* End PBXFrameworksBuildPhase section */

/* Begin PBXGroup section */
		A7070A29260791200092FE8B /* Model */ = {
			isa = PBXGroup;
			children = (
				A7070A2226076B850092FE8B /* Model.swift */,
			);
			path = Model;
			sourceTree = "<group>";
		};
		A7070A2A2607912C0092FE8B /* View */ = {
			isa = PBXGroup;
			children = (
				A7070A32260795880092FE8B /* ARViewContainerView.swift */,
				A7070A3A260796350092FE8B /* PlacementButtonsView.swift */,
				A7070A37260795FE0092FE8B /* ModelPickerView.swift */,
				A7070A3D260796980092FE8B /* CustomARView.swift */,
			);
			path = View;
			sourceTree = "<group>";
		};
		A77F44B626074824002B45E7 = {
			isa = PBXGroup;
			children = (
				A77F44C126074825002B45E7 /* AR Simple app */,
				A77F44C026074824002B45E7 /* Products */,
			);
			sourceTree = "<group>";
		};
		A77F44C026074824002B45E7 /* Products */ = {
			isa = PBXGroup;
			children = (
				A77F44BF26074824002B45E7 /* AR Simple app.app */,
			);
			name = Products;
			sourceTree = "<group>";
		};
		A77F44C126074825002B45E7 /* AR Simple app */ = {
			isa = PBXGroup;
			children = (
				A7070A2A2607912C0092FE8B /* View */,
				A7070A29260791200092FE8B /* Model */,
				A77F44C226074825002B45E7 /* AppDelegate.swift */,
				A77F44C426074825002B45E7 /* ContentView.swift */,
				A77F44D526074ADE002B45E7 /* Assets */,
				A77F44C826074825002B45E7 /* Assets.xcassets */,
				A77F44CD26074825002B45E7 /* Info.plist */,
				A77F44CA26074825002B45E7 /* Preview Content */,
			);
			path = "AR Simple app";
			sourceTree = "<group>";
		};
		A77F44CA26074825002B45E7 /* Preview Content */ = {
			isa = PBXGroup;
			children = (
				A77F44CB26074825002B45E7 /* Preview Assets.xcassets */,
			);
			path = "Preview Content";
			sourceTree = "<group>";
		};
		A77F44D526074ADE002B45E7 /* Assets */ = {
			isa = PBXGroup;
			children = (
				A77F44D826074B2C002B45E7 /* toy_biplane.usdz */,
				A77F44D726074B2C002B45E7 /* toy_drummer.usdz */,
				A77F44D626074B2C002B45E7 /* toy_robot_vintage.usdz */,
			);
			path = Assets;
			sourceTree = "<group>";
		};
/* End PBXGroup section */

/* Begin PBXNativeTarget section */
		A77F44BE26074824002B45E7 /* AR Simple app */ = {
			isa = PBXNativeTarget;
			buildConfigurationList = A77F44D026074825002B45E7 /* Build configuration list for PBXNativeTarget "AR Simple app" */;
			buildPhases = (
				A77F44BB26074824002B45E7 /* Sources */,
				A77F44BC26074824002B45E7 /* Frameworks */,
				A77F44BD26074824002B45E7 /* Resources */,
			);
			buildRules = (
			);
			dependencies = (
			);
			name = "AR Simple app";
			packageProductDependencies = (
				A7070A2626078E200092FE8B /* FocusEntity */,
			);
			productName = "AR Simple app";
			productReference = A77F44BF26074824002B45E7 /* AR Simple app.app */;
			productType = "com.apple.product-type.application";
		};
/* End PBXNativeTarget section */

/* Begin PBXProject section */
		A77F44B726074824002B45E7 /* Project object */ = {
			isa = PBXProject;
			attributes = {
				LastSwiftUpdateCheck = 1240;
				LastUpgradeCheck = 1240;
				TargetAttributes = {
					A77F44BE26074824002B45E7 = {
						CreatedOnToolsVersion = 12.4;
					};
				};
			};
			buildConfigurationList = A77F44BA26074824002B45E7 /* Build configuration list for PBXProject "AR Simple app" */;
			compatibilityVersion = "Xcode 9.3";
			developmentRegion = en;
			hasScannedForEncodings = 0;
			knownRegions = (
				en,
				Base,
			);
			mainGroup = A77F44B626074824002B45E7;
			packageReferences = (
				A7070A2526078E200092FE8B /* XCRemoteSwiftPackageReference "FocusEntity" */,
			);
			productRefGroup = A77F44C026074824002B45E7 /* Products */;
			projectDirPath = "";
			projectRoot = "";
			targets = (
				A77F44BE26074824002B45E7 /* AR Simple app */,
			);
		};
/* End PBXProject section */

/* Begin PBXResourcesBuildPhase section */
		A77F44BD26074824002B45E7 /* Resources */ = {
			isa = PBXResourcesBuildPhase;
			buildActionMask = 2147483647;
			files = (
				A77F44CC26074825002B45E7 /* Preview Assets.xcassets in Resources */,
				A77F44DB26074B2C002B45E7 /* toy_biplane.usdz in Resources */,
				A77F44C926074825002B45E7 /* Assets.xcassets in Resources */,
				A77F44D926074B2C002B45E7 /* toy_robot_vintage.usdz in Resources */,
				A77F44DA26074B2C002B45E7 /* toy_drummer.usdz in Resources */,
			);
			runOnlyForDeploymentPostprocessing = 0;
		};
/* End PBXResourcesBuildPhase section */

/* Begin PBXSourcesBuildPhase section */
		A77F44BB26074824002B45E7 /* Sources */ = {
			isa = PBXSourcesBuildPhase;
			buildActionMask = 2147483647;
			files = (
				A7070A3B260796350092FE8B /* PlacementButtonsView.swift in Sources */,
				A7070A38260795FE0092FE8B /* ModelPickerView.swift in Sources */,
				A7070A2326076B850092FE8B /* Model.swift in Sources */,
				A7070A33260795880092FE8B /* ARViewContainerView.swift in Sources */,
				A77F44C526074825002B45E7 /* ContentView.swift in Sources */,
				A7070A3E260796980092FE8B /* CustomARView.swift in Sources */,
				A77F44C326074825002B45E7 /* AppDelegate.swift in Sources */,
			);
			runOnlyForDeploymentPostprocessing = 0;
		};
/* End PBXSourcesBuildPhase section */

/* Begin XCBuildConfiguration section */
		A77F44CE26074825002B45E7 /* Debug */ = {
			isa = XCBuildConfiguration;
			buildSettings = {
				ALWAYS_SEARCH_USER_PATHS = NO;
				CLANG_ANALYZER_NONNULL = YES;
				CLANG_ANALYZER_NUMBER_OBJECT_CONVERSION = YES_AGGRESSIVE;
				CLANG_CXX_LANGUAGE_STANDARD = "gnu++14";
				CLANG_CXX_LIBRARY = "libc++";
				CLANG_ENABLE_MODULES = YES;
				CLANG_ENABLE_OBJC_ARC = YES;
				CLANG_ENABLE_OBJC_WEAK = YES;
				CLANG_WARN_BLOCK_CAPTURE_AUTORELEASING = YES;
				CLANG_WARN_BOOL_CONVERSION = YES;
				CLANG_WARN_COMMA = YES;
				CLANG_WARN_CONSTANT_CONVERSION = YES;
				CLANG_WARN_DEPRECATED_OBJC_IMPLEMENTATIONS = YES;
				CLANG_WARN_DIRECT_OBJC_ISA_USAGE = YES_ERROR;
				CLANG_WARN_DOCUMENTATION_COMMENTS = YES;
				CLANG_WARN_EMPTY_BODY = YES;
				CLANG_WARN_ENUM_CONVERSION = YES;
				CLANG_WARN_INFINITE_RECURSION = YES;
				CLANG_WARN_INT_CONVERSION = YES;
				CLANG_WARN_NON_LITERAL_NULL_CONVERSION = YES;
				CLANG_WARN_OBJC_IMPLICIT_RETAIN_SELF = YES;
				CLANG_WARN_OBJC_LITERAL_CONVERSION = YES;
				CLANG_WARN_OBJC_ROOT_CLASS = YES_ERROR;
				CLANG_WARN_QUOTED_INCLUDE_IN_FRAMEWORK_HEADER = YES;
				CLANG_WARN_RANGE_LOOP_ANALYSIS = YES;
				CLANG_WARN_STRICT_PROTOTYPES = YES;
				CLANG_WARN_SUSPICIOUS_MOVE = YES;
				CLANG_WARN_UNGUARDED_AVAILABILITY = YES_AGGRESSIVE;
				CLANG_WARN_UNREACHABLE_CODE = YES;
				CLANG_WARN__DUPLICATE_METHOD_MATCH = YES;
				COPY_PHASE_STRIP = NO;
				DEBUG_INFORMATION_FORMAT = dwarf;
				ENABLE_STRICT_OBJC_MSGSEND = YES;
				ENABLE_TESTABILITY = YES;
				GCC_C_LANGUAGE_STANDARD = gnu11;
				GCC_DYNAMIC_NO_PIC = NO;
				GCC_NO_COMMON_BLOCKS = YES;
				GCC_OPTIMIZATION_LEVEL = 0;
				GCC_PREPROCESSOR_DEFINITIONS = (
					"DEBUG=1",
					"$(inherited)",
				);
				GCC_WARN_64_TO_32_BIT_CONVERSION = YES;
				GCC_WARN_ABOUT_RETURN_TYPE = YES_ERROR;
				GCC_WARN_UNDECLARED_SELECTOR = YES;
				GCC_WARN_UNINITIALIZED_AUTOS = YES_AGGRESSIVE;
				GCC_WARN_UNUSED_FUNCTION = YES;
				GCC_WARN_UNUSED_VARIABLE = YES;
				IPHONEOS_DEPLOYMENT_TARGET = 14.4;
				MTL_ENABLE_DEBUG_INFO = INCLUDE_SOURCE;
				MTL_FAST_MATH = YES;
				ONLY_ACTIVE_ARCH = YES;
				SDKROOT = iphoneos;
				SWIFT_ACTIVE_COMPILATION_CONDITIONS = DEBUG;
				SWIFT_OPTIMIZATION_LEVEL = "-Onone";
			};
			name = Debug;
		};
		A77F44CF26074825002B45E7 /* Release */ = {
			isa = XCBuildConfiguration;
			buildSettings = {
				ALWAYS_SEARCH_USER_PATHS = NO;
				CLANG_ANALYZER_NONNULL = YES;
				CLANG_ANALYZER_NUMBER_OBJECT_CONVERSION = YES_AGGRESSIVE;
				CLANG_CXX_LANGUAGE_STANDARD = "gnu++14";
				CLANG_CXX_LIBRARY = "libc++";
				CLANG_ENABLE_MODULES = YES;
				CLANG_ENABLE_OBJC_ARC = YES;
				CLANG_ENABLE_OBJC_WEAK = YES;
				CLANG_WARN_BLOCK_CAPTURE_AUTORELEASING = YES;
				CLANG_WARN_BOOL_CONVERSION = YES;
				CLANG_WARN_COMMA = YES;
				CLANG_WARN_CONSTANT_CONVERSION = YES;
				CLANG_WARN_DEPRECATED_OBJC_IMPLEMENTATIONS = YES;
				CLANG_WARN_DIRECT_OBJC_ISA_USAGE = YES_ERROR;
				CLANG_WARN_DOCUMENTATION_COMMENTS = YES;
				CLANG_WARN_EMPTY_BODY = YES;
				CLANG_WARN_ENUM_CONVERSION = YES;
				CLANG_WARN_INFINITE_RECURSION = YES;
				CLANG_WARN_INT_CONVERSION = YES;
				CLANG_WARN_NON_LITERAL_NULL_CONVERSION = YES;
				CLANG_WARN_OBJC_IMPLICIT_RETAIN_SELF = YES;
				CLANG_WARN_OBJC_LITERAL_CONVERSION = YES;
				CLANG_WARN_OBJC_ROOT_CLASS = YES_ERROR;
				CLANG_WARN_QUOTED_INCLUDE_IN_FRAMEWORK_HEADER = YES;
				CLANG_WARN_RANGE_LOOP_ANALYSIS = YES;
				CLANG_WARN_STRICT_PROTOTYPES = YES;
				CLANG_WARN_SUSPICIOUS_MOVE = YES;
				CLANG_WARN_UNGUARDED_AVAILABILITY = YES_AGGRESSIVE;
				CLANG_WARN_UNREACHABLE_CODE = YES;
				CLANG_WARN__DUPLICATE_METHOD_MATCH = YES;
				COPY_PHASE_STRIP = NO;
				DEBUG_INFORMATION_FORMAT = "dwarf-with-dsym";
				ENABLE_NS_ASSERTIONS = NO;
				ENABLE_STRICT_OBJC_MSGSEND = YES;
				GCC_C_LANGUAGE_STANDARD = gnu11;
				GCC_NO_COMMON_BLOCKS = YES;
				GCC_WARN_64_TO_32_BIT_CONVERSION = YES;
				GCC_WARN_ABOUT_RETURN_TYPE = YES_ERROR;
				GCC_WARN_UNDECLARED_SELECTOR = YES;
				GCC_WARN_UNINITIALIZED_AUTOS = YES_AGGRESSIVE;
				GCC_WARN_UNUSED_FUNCTION = YES;
				GCC_WARN_UNUSED_VARIABLE = YES;
				IPHONEOS_DEPLOYMENT_TARGET = 14.4;
				MTL_ENABLE_DEBUG_INFO = NO;
				MTL_FAST_MATH = YES;
				SDKROOT = iphoneos;
				SWIFT_COMPILATION_MODE = wholemodule;
				SWIFT_OPTIMIZATION_LEVEL = "-O";
				VALIDATE_PRODUCT = YES;
			};
			name = Release;
		};
		A77F44D126074825002B45E7 /* Debug */ = {
			isa = XCBuildConfiguration;
			buildSettings = {
				ASSETCATALOG_COMPILER_APPICON_NAME = AppIcon;
				ASSETCATALOG_COMPILER_GLOBAL_ACCENT_COLOR_NAME = AccentColor;
				CODE_SIGN_IDENTITY = "Apple Development";
				CODE_SIGN_STYLE = Automatic;
				DEVELOPMENT_ASSET_PATHS = "\"AR Simple app/Preview Content\"";
				DEVELOPMENT_TEAM = R3MKSDQZQD;
				ENABLE_PREVIEWS = YES;
				INFOPLIST_FILE = "AR Simple app/Info.plist";
				LD_RUNPATH_SEARCH_PATHS = (
					"$(inherited)",
					"@executable_path/Frameworks",
				);
				PRODUCT_BUNDLE_IDENTIFIER = "-.AR-Simple-app";
				PRODUCT_NAME = "$(TARGET_NAME)";
				PROVISIONING_PROFILE_SPECIFIER = "";
				SWIFT_VERSION = 5.0;
				TARGETED_DEVICE_FAMILY = "1,2";
			};
			name = Debug;
		};
		A77F44D226074825002B45E7 /* Release */ = {
			isa = XCBuildConfiguration;
			buildSettings = {
				ASSETCATALOG_COMPILER_APPICON_NAME = AppIcon;
				ASSETCATALOG_COMPILER_GLOBAL_ACCENT_COLOR_NAME = AccentColor;
				CODE_SIGN_IDENTITY = "Apple Development";
				CODE_SIGN_STYLE = Automatic;
				DEVELOPMENT_ASSET_PATHS = "\"AR Simple app/Preview Content\"";
				DEVELOPMENT_TEAM = R3MKSDQZQD;
				ENABLE_PREVIEWS = YES;
				INFOPLIST_FILE = "AR Simple app/Info.plist";
				LD_RUNPATH_SEARCH_PATHS = (
					"$(inherited)",
					"@executable_path/Frameworks",
				);
				PRODUCT_BUNDLE_IDENTIFIER = "-.AR-Simple-app";
				PRODUCT_NAME = "$(TARGET_NAME)";
				PROVISIONING_PROFILE_SPECIFIER = "";
				SWIFT_VERSION = 5.0;
				TARGETED_DEVICE_FAMILY = "1,2";
			};
			name = Release;
		};
/* End XCBuildConfiguration section */

/* Begin XCConfigurationList section */
		A77F44BA26074824002B45E7 /* Build configuration list for PBXProject "AR Simple app" */ = {
			isa = XCConfigurationList;
			buildConfigurations = (
				A77F44CE26074825002B45E7 /* Debug */,
				A77F44CF26074825002B45E7 /* Release */,
			);
			defaultConfigurationIsVisible = 0;
			defaultConfigurationName = Release;
		};
		A77F44D026074825002B45E7 /* Build configuration list for PBXNativeTarget "AR Simple app" */ = {
			isa = XCConfigurationList;
			buildConfigurations = (
				A77F44D126074825002B45E7 /* Debug */,
				A77F44D226074825002B45E7 /* Release */,
			);
			defaultConfigurationIsVisible = 0;
			defaultConfigurationName = Release;
		};
/* End XCConfigurationList section */

/* Begin XCRemoteSwiftPackageReference section */
		A7070A2526078E200092FE8B /* XCRemoteSwiftPackageReference "FocusEntity" */ = {
			isa = XCRemoteSwiftPackageReference;
			repositoryURL = "https://github.com/maxxfrazer/FocusEntity";
			requirement = {
				kind = upToNextMajorVersion;
				minimumVersion = 2.2.1;
			};
		};
/* End XCRemoteSwiftPackageReference section */

/* Begin XCSwiftPackageProductDependency section */
		A7070A2626078E200092FE8B /* FocusEntity */ = {
			isa = XCSwiftPackageProductDependency;
			package = A7070A2526078E200092FE8B /* XCRemoteSwiftPackageReference "FocusEntity" */;
			productName = FocusEntity;
		};
/* End XCSwiftPackageProductDependency section */
	};
	rootObject = A77F44B726074824002B45E7 /* Project object */;
}
